
Microsoft Visual Studio Solution File, Format Version 12.00
# Visual Studio 15
VisualStudioVersion = 15.0.26730.16
MinimumVisualStudioVersion = 10.0.40219.1
Project("{9A19103F-16F7-4668-BE54-9A1E7A4F7556}") = "EFCore2Playgrounds", "EFCore2Playgrounds\EFCore2Playgrounds.csproj", "{8488CCC7-AC53-460D-ABE8-B44CC61989F4}"
EndProject
Project("{FAE04EC0-301F-11D3-BF4B-00C04F79EFBC}") = "EFCore2Playgrounds.Infrastructure", "EFCore2Playgrounds.Infrastructure\EFCore2Playgrounds.Infrastructure.csproj", "{259C3DA8-D821-4182-9B0D-3B7E577A72B8}"
EndProject
Project("{FAE04EC0-301F-11D3-BF4B-00C04F79EFBC}") = "EFCore2Playgrounds.Model", "EFCore2Playgrounds.Model\EFCore2Playgrounds.Model.csproj", "{27268E86-B843-4FDA-8837-4AAACE4A5679}"
EndProject
Global
	GlobalSection(SolutionConfigurationPlatforms) = preSolution
		Debug|Any CPU = Debug|Any CPU
		Release|Any CPU = Release|Any CPU
	EndGlobalSection
	GlobalSection(ProjectConfigurationPlatforms) = postSolution
		{8488CCC7-AC53-460D-ABE8-B44CC61989F4}.Debug|Any CPU.ActiveCfg = Debug|Any CPU
		{8488CCC7-AC53-460D-ABE8-B44CC61989F4}.Debug|Any CPU.Build.0 = Debug|Any CPU
		{8488CCC7-AC53-460D-ABE8-B44CC61989F4}.Release|Any CPU.ActiveCfg = Release|Any CPU
		{8488CCC7-AC53-460D-ABE8-B44CC61989F4}.Release|Any CPU.Build.0 = Release|Any CPU
		{259C3DA8-D821-4182-9B0D-3B7E577A72B8}.Debug|Any CPU.ActiveCfg = Debug|Any CPU
		{259C3DA8-D821-4182-9B0D-3B7E577A72B8}.Debug|Any CPU.Build.0 = Debug|Any CPU
		{259C3DA8-D821-4182-9B0D-3B7E577A72B8}.Release|Any CPU.ActiveCfg = Release|Any CPU
		{259C3DA8-D821-4182-9B0D-3B7E577A72B8}.Release|Any CPU.Build.0 = Release|Any CPU
		{27268E86-B843-4FDA-8837-4AAACE4A5679}.Debug|Any CPU.ActiveCfg = Debug|Any CPU
		{27268E86-B843-4FDA-8837-4AAACE4A5679}.Debug|Any CPU.Build.0 = Debug|Any CPU
		{27268E86-B843-4FDA-8837-4AAACE4A5679}.Release|Any CPU.ActiveCfg = Release|Any CPU
		{27268E86-B843-4FDA-8837-4AAACE4A5679}.Release|Any CPU.Build.0 = Release|Any CPU
	EndGlobalSection
	GlobalSection(SolutionProperties) = preSolution
		HideSolutionNode = FALSE
	EndGlobalSection
	GlobalSection(ExtensibilityGlobals) = postSolution
		SolutionGuid = {382BBD62-6D37-4146-9A50-86247720B747}
	EndGlobalSection
EndGlobal
